
Microsoft Visual Studio Solution File, Format Version 12.00
# Visual Studio 14
VisualStudioVersion = 14.0.25420.1
MinimumVisualStudioVersion = 10.0.40219.1
Project("{FAE04EC0-301F-11D3-BF4B-00C04F79EFBC}") = "WaterFeeWeb", "WaterFee.Web\WaterFeeWeb.csproj", "{39BDE402-5358-45EA-AC9E-A78B9C30C92D}"
EndProject
Project("{FAE04EC0-301F-11D3-BF4B-00C04F79EFBC}") = "WHC.MVCWebMis.Core", "WHC.MVCWebMis.Core\WHC.MVCWebMis.Core.csproj", "{FCFD05C3-CAC2-4ADE-9EBB-85BE17548E4A}"
EndProject
Project("{2150E333-8FDC-42A3-9474-1A3956D46DE8}") = "Lib", "Lib", "{80869517-3662-4AB1-9692-82D948848B54}"
EndProject
Project("{FAE04EC0-301F-11D3-BF4B-00C04F79EFBC}") = "WHC.Framework.Commons", "Lib\公用类库\WHC.Framework.Commons\WHC.Framework.Commons.csproj", "{53AC195E-DCFF-47C4-BC02-7E0241FF520C}"
EndProject
Project("{FAE04EC0-301F-11D3-BF4B-00C04F79EFBC}") = "WHC.Framework.ControlUtil", "Lib\公用类库\WHC.Framework.ControlUtil\WHC.Framework.ControlUtil.csproj", "{D1D3850B-206F-49A9-BA9F-EAC0C39DE3DD}"
EndProject
Project("{FAE04EC0-301F-11D3-BF4B-00C04F79EFBC}") = "WHC.Security.Core", "Lib\Web开发框架-相关模块\WHC.Security.Core\WHC.Security.Core.csproj", "{2B6B91BE-27D4-46B4-AB4D-FD7FD5897F90}"
EndProject
Project("{2150E333-8FDC-42A3-9474-1A3956D46DE8}") = "Core", "Core", "{9314CAC9-322D-473F-80E2-3E4C8F0FCE6D}"
EndProject
Project("{FAE04EC0-301F-11D3-BF4B-00C04F79EFBC}") = "WHC.Attachment.Core", "Lib\Web开发框架-相关模块\WHC.Attachment.Core\WHC.Attachment.Core.csproj", "{FADF9DB2-6A54-496E-9ED3-B12BB6607EC0}"
EndProject
Project("{FAE04EC0-301F-11D3-BF4B-00C04F79EFBC}") = "WaterFeeWeb.Core", "WaterFee.Web.Core\WaterFeeWeb.Core.csproj", "{8DBA9D3E-B702-4D5D-A8BC-1786B599E543}"
EndProject
Project("{FAE04EC0-301F-11D3-BF4B-00C04F79EFBC}") = "DBLib", "Lib\DBLib\DBLib.csproj", "{409DF61D-B383-435E-9A48-600123DAA5A0}"
EndProject
Project("{FAE04EC0-301F-11D3-BF4B-00C04F79EFBC}") = "WaterFeeWeb.NetServer", "WaterFeeWeb.NetServer\WaterFeeWeb.NetServer.csproj", "{2E41B572-3CCD-407E-8868-C70B4CC89E6E}"
EndProject
Global
	GlobalSection(SolutionConfigurationPlatforms) = preSolution
		Debug|Any CPU = Debug|Any CPU
		Debug|x86 = Debug|x86
		Release|Any CPU = Release|Any CPU
		Release|x86 = Release|x86
	EndGlobalSection
	GlobalSection(ProjectConfigurationPlatforms) = postSolution
		{39BDE402-5358-45EA-AC9E-A78B9C30C92D}.Debug|Any CPU.ActiveCfg = Debug|Any CPU
		{39BDE402-5358-45EA-AC9E-A78B9C30C92D}.Debug|Any CPU.Build.0 = Debug|Any CPU
		{39BDE402-5358-45EA-AC9E-A78B9C30C92D}.Debug|x86.ActiveCfg = Debug|x86
		{39BDE402-5358-45EA-AC9E-A78B9C30C92D}.Debug|x86.Build.0 = Debug|x86
		{39BDE402-5358-45EA-AC9E-A78B9C30C92D}.Release|Any CPU.ActiveCfg = Release|Any CPU
		{39BDE402-5358-45EA-AC9E-A78B9C30C92D}.Release|Any CPU.Build.0 = Release|Any CPU
		{39BDE402-5358-45EA-AC9E-A78B9C30C92D}.Release|x86.ActiveCfg = Release|x86
		{39BDE402-5358-45EA-AC9E-A78B9C30C92D}.Release|x86.Build.0 = Release|x86
		{FCFD05C3-CAC2-4ADE-9EBB-85BE17548E4A}.Debug|Any CPU.ActiveCfg = Debug|Any CPU
		{FCFD05C3-CAC2-4ADE-9EBB-85BE17548E4A}.Debug|Any CPU.Build.0 = Debug|Any CPU
		{FCFD05C3-CAC2-4ADE-9EBB-85BE17548E4A}.Debug|x86.ActiveCfg = Debug|x86
		{FCFD05C3-CAC2-4ADE-9EBB-85BE17548E4A}.Debug|x86.Build.0 = Debug|x86
		{FCFD05C3-CAC2-4ADE-9EBB-85BE17548E4A}.Release|Any CPU.ActiveCfg = Release|Any CPU
		{FCFD05C3-CAC2-4ADE-9EBB-85BE17548E4A}.Release|Any CPU.Build.0 = Release|Any CPU
		{FCFD05C3-CAC2-4ADE-9EBB-85BE17548E4A}.Release|x86.ActiveCfg = Release|x86
		{FCFD05C3-CAC2-4ADE-9EBB-85BE17548E4A}.Release|x86.Build.0 = Release|x86
		{53AC195E-DCFF-47C4-BC02-7E0241FF520C}.Debug|Any CPU.ActiveCfg = Debug|Any CPU
		{53AC195E-DCFF-47C4-BC02-7E0241FF520C}.Debug|Any CPU.Build.0 = Debug|Any CPU
		{53AC195E-DCFF-47C4-BC02-7E0241FF520C}.Debug|x86.ActiveCfg = Debug|x86
		{53AC195E-DCFF-47C4-BC02-7E0241FF520C}.Release|Any CPU.ActiveCfg = Release|Any CPU
		{53AC195E-DCFF-47C4-BC02-7E0241FF520C}.Release|Any CPU.Build.0 = Release|Any CPU
		{53AC195E-DCFF-47C4-BC02-7E0241FF520C}.Release|x86.ActiveCfg = Release|x86
		{53AC195E-DCFF-47C4-BC02-7E0241FF520C}.Release|x86.Build.0 = Release|x86
		{D1D3850B-206F-49A9-BA9F-EAC0C39DE3DD}.Debug|Any CPU.ActiveCfg = Debug|Any CPU
		{D1D3850B-206F-49A9-BA9F-EAC0C39DE3DD}.Debug|Any CPU.Build.0 = Debug|Any CPU
		{D1D3850B-206F-49A9-BA9F-EAC0C39DE3DD}.Debug|x86.ActiveCfg = Debug|x86
		{D1D3850B-206F-49A9-BA9F-EAC0C39DE3DD}.Release|Any CPU.ActiveCfg = Release|Any CPU
		{D1D3850B-206F-49A9-BA9F-EAC0C39DE3DD}.Release|Any CPU.Build.0 = Release|Any CPU
		{D1D3850B-206F-49A9-BA9F-EAC0C39DE3DD}.Release|x86.ActiveCfg = Release|x86
		{D1D3850B-206F-49A9-BA9F-EAC0C39DE3DD}.Release|x86.Build.0 = Release|x86
		{2B6B91BE-27D4-46B4-AB4D-FD7FD5897F90}.Debug|Any CPU.ActiveCfg = Debug|Any CPU
		{2B6B91BE-27D4-46B4-AB4D-FD7FD5897F90}.Debug|Any CPU.Build.0 = Debug|Any CPU
		{2B6B91BE-27D4-46B4-AB4D-FD7FD5897F90}.Debug|x86.ActiveCfg = Debug|x86
		{2B6B91BE-27D4-46B4-AB4D-FD7FD5897F90}.Release|Any CPU.ActiveCfg = Release|Any CPU
		{2B6B91BE-27D4-46B4-AB4D-FD7FD5897F90}.Release|Any CPU.Build.0 = Release|Any CPU
		{2B6B91BE-27D4-46B4-AB4D-FD7FD5897F90}.Release|x86.ActiveCfg = Release|x86
		{2B6B91BE-27D4-46B4-AB4D-FD7FD5897F90}.Release|x86.Build.0 = Release|x86
		{FADF9DB2-6A54-496E-9ED3-B12BB6607EC0}.Debug|Any CPU.ActiveCfg = Debug|Any CPU
		{FADF9DB2-6A54-496E-9ED3-B12BB6607EC0}.Debug|Any CPU.Build.0 = Debug|Any CPU
		{FADF9DB2-6A54-496E-9ED3-B12BB6607EC0}.Debug|x86.ActiveCfg = Debug|x86
		{FADF9DB2-6A54-496E-9ED3-B12BB6607EC0}.Release|Any CPU.ActiveCfg = Release|Any CPU
		{FADF9DB2-6A54-496E-9ED3-B12BB6607EC0}.Release|Any CPU.Build.0 = Release|Any CPU
		{FADF9DB2-6A54-496E-9ED3-B12BB6607EC0}.Release|x86.ActiveCfg = Release|x86
		{FADF9DB2-6A54-496E-9ED3-B12BB6607EC0}.Release|x86.Build.0 = Release|x86
		{8DBA9D3E-B702-4D5D-A8BC-1786B599E543}.Debug|Any CPU.ActiveCfg = Debug|Any CPU
		{8DBA9D3E-B702-4D5D-A8BC-1786B599E543}.Debug|Any CPU.Build.0 = Debug|Any CPU
		{8DBA9D3E-B702-4D5D-A8BC-1786B599E543}.Debug|x86.ActiveCfg = Debug|Any CPU
		{8DBA9D3E-B702-4D5D-A8BC-1786B599E543}.Debug|x86.Build.0 = Debug|Any CPU
		{8DBA9D3E-B702-4D5D-A8BC-1786B599E543}.Release|Any CPU.ActiveCfg = Release|Any CPU
		{8DBA9D3E-B702-4D5D-A8BC-1786B599E543}.Release|Any CPU.Build.0 = Release|Any CPU
		{8DBA9D3E-B702-4D5D-A8BC-1786B599E543}.Release|x86.ActiveCfg = Release|Any CPU
		{8DBA9D3E-B702-4D5D-A8BC-1786B599E543}.Release|x86.Build.0 = Release|Any CPU
		{409DF61D-B383-435E-9A48-600123DAA5A0}.Debug|Any CPU.ActiveCfg = Debug|Any CPU
		{409DF61D-B383-435E-9A48-600123DAA5A0}.Debug|Any CPU.Build.0 = Debug|Any CPU
		{409DF61D-B383-435E-9A48-600123DAA5A0}.Debug|x86.ActiveCfg = Debug|Any CPU
		{409DF61D-B383-435E-9A48-600123DAA5A0}.Debug|x86.Build.0 = Debug|Any CPU
		{409DF61D-B383-435E-9A48-600123DAA5A0}.Release|Any CPU.ActiveCfg = Release|Any CPU
		{409DF61D-B383-435E-9A48-600123DAA5A0}.Release|Any CPU.Build.0 = Release|Any CPU
		{409DF61D-B383-435E-9A48-600123DAA5A0}.Release|x86.ActiveCfg = Release|Any CPU
		{409DF61D-B383-435E-9A48-600123DAA5A0}.Release|x86.Build.0 = Release|Any CPU
		{2E41B572-3CCD-407E-8868-C70B4CC89E6E}.Debug|Any CPU.ActiveCfg = Debug|Any CPU
		{2E41B572-3CCD-407E-8868-C70B4CC89E6E}.Debug|Any CPU.Build.0 = Debug|Any CPU
		{2E41B572-3CCD-407E-8868-C70B4CC89E6E}.Debug|x86.ActiveCfg = Debug|Any CPU
		{2E41B572-3CCD-407E-8868-C70B4CC89E6E}.Debug|x86.Build.0 = Debug|Any CPU
		{2E41B572-3CCD-407E-8868-C70B4CC89E6E}.Release|Any CPU.ActiveCfg = Release|Any CPU
		{2E41B572-3CCD-407E-8868-C70B4CC89E6E}.Release|Any CPU.Build.0 = Release|Any CPU
		{2E41B572-3CCD-407E-8868-C70B4CC89E6E}.Release|x86.ActiveCfg = Release|Any CPU
		{2E41B572-3CCD-407E-8868-C70B4CC89E6E}.Release|x86.Build.0 = Release|Any CPU
	EndGlobalSection
	GlobalSection(SolutionProperties) = preSolution
		HideSolutionNode = FALSE
	EndGlobalSection
	GlobalSection(NestedProjects) = preSolution
		{FCFD05C3-CAC2-4ADE-9EBB-85BE17548E4A} = {9314CAC9-322D-473F-80E2-3E4C8F0FCE6D}
		{53AC195E-DCFF-47C4-BC02-7E0241FF520C} = {80869517-3662-4AB1-9692-82D948848B54}
		{D1D3850B-206F-49A9-BA9F-EAC0C39DE3DD} = {80869517-3662-4AB1-9692-82D948848B54}
		{2B6B91BE-27D4-46B4-AB4D-FD7FD5897F90} = {80869517-3662-4AB1-9692-82D948848B54}
		{FADF9DB2-6A54-496E-9ED3-B12BB6607EC0} = {80869517-3662-4AB1-9692-82D948848B54}
		{8DBA9D3E-B702-4D5D-A8BC-1786B599E543} = {9314CAC9-322D-473F-80E2-3E4C8F0FCE6D}
		{409DF61D-B383-435E-9A48-600123DAA5A0} = {80869517-3662-4AB1-9692-82D948848B54}
	EndGlobalSection
EndGlobal
